// !$*UTF8*$!
{
	archiveVersion = 1;
	classes = {
	};
	objectVersion = 46;
	objects = {

/* Begin PBXBuildFile section */
		E6C12D8F1DBE3A410080C8ED /* main.m in Sources */ = {isa = PBXBuildFile; fileRef = E6C12D8E1DBE3A410080C8ED /* main.m */; };
		E6C12D921DBE3A410080C8ED /* AppDelegate.m in Sources */ = {isa = PBXBuildFile; fileRef = E6C12D911DBE3A410080C8ED /* AppDelegate.m */; };
		E6C12D951DBE3A410080C8ED /* ViewController.m in Sources */ = {isa = PBXBuildFile; fileRef = E6C12D941DBE3A410080C8ED /* ViewController.m */; };
		E6C12D981DBE3A410080C8ED /* Main.storyboard in Resources */ = {isa = PBXBuildFile; fileRef = E6C12D961DBE3A410080C8ED /* Main.storyboard */; };
		E6C12D9A1DBE3A410080C8ED /* Assets.xcassets in Resources */ = {isa = PBXBuildFile; fileRef = E6C12D991DBE3A410080C8ED /* Assets.xcassets */; };
		E6C12D9D1DBE3A410080C8ED /* LaunchScreen.storyboard in Resources */ = {isa = PBXBuildFile; fileRef = E6C12D9B1DBE3A410080C8ED /* LaunchScreen.storyboard */; };
		E6CCBB681DC049A6001883C2 /* KSAudioCroper.mm in Sources */ = {isa = PBXBuildFile; fileRef = E6CCBB5C1DC049A6001883C2 /* KSAudioCroper.mm */; };
		E6CCBB691DC049A6001883C2 /* KSAudioMixer.mm in Sources */ = {isa = PBXBuildFile; fileRef = E6CCBB5E1DC049A6001883C2 /* KSAudioMixer.mm */; };
		E6CCBB6A1DC049A6001883C2 /* KSAVPlayer.m in Sources */ = {isa = PBXBuildFile; fileRef = E6CCBB611DC049A6001883C2 /* KSAVPlayer.m */; };
		E6CCBB6B1DC049A6001883C2 /* AudioHelper.mm in Sources */ = {isa = PBXBuildFile; fileRef = E6CCBB641DC049A6001883C2 /* AudioHelper.mm */; };
		E6CCBB6C1DC049A6001883C2 /* CMRecordManager.m in Sources */ = {isa = PBXBuildFile; fileRef = E6CCBB661DC049A6001883C2 /* CMRecordManager.m */; };
		E6CCBB731DC05A44001883C2 /* ALWAVTOACCFile.mm in Sources */ = {isa = PBXBuildFile; fileRef = E6CCBB721DC05A44001883C2 /* ALWAVTOACCFile.mm */; };
		E6CCBB7E1DC0861C001883C2 /* freeverb.mm in Sources */ = {isa = PBXBuildFile; fileRef = E6CCBB7B1DC0861C001883C2 /* freeverb.mm */; };
		E6CCBB7F1DC0861C001883C2 /* revmodel.cpp in Sources */ = {isa = PBXBuildFile; fileRef = E6CCBB7C1DC0861C001883C2 /* revmodel.cpp */; };
		E6CCBB841DC090AE001883C2 /* asd.mp3 in Resources */ = {isa = PBXBuildFile; fileRef = E6CCBB831DC090AE001883C2 /* asd.mp3 */; };
		E6CCBB871DC0D5EE001883C2 /* JNAudioEffectProcessor.mm in Sources */ = {isa = PBXBuildFile; fileRef = E6CCBB861DC0D5EE001883C2 /* JNAudioEffectProcessor.mm */; };
/* End PBXBuildFile section */

/* Begin PBXFileReference section */
		E6C12D8A1DBE3A410080C8ED /* JNAudioKitDemo.app */ = {isa = PBXFileReference; explicitFileType = wrapper.application; includeInIndex = 0; path = JNAudioKitDemo.app; sourceTree = BUILT_PRODUCTS_DIR; };
		E6C12D8E1DBE3A410080C8ED /* main.m */ = {isa = PBXFileReference; lastKnownFileType = sourcecode.c.objc; path = main.m; sourceTree = "<group>"; };
		E6C12D901DBE3A410080C8ED /* AppDelegate.h */ = {isa = PBXFileReference; lastKnownFileType = sourcecode.c.h; path = AppDelegate.h; sourceTree = "<group>"; };
		E6C12D911DBE3A410080C8ED /* AppDelegate.m */ = {isa = PBXFileReference; lastKnownFileType = sourcecode.c.objc; path = AppDelegate.m; sourceTree = "<group>"; };
		E6C12D931DBE3A410080C8ED /* ViewController.h */ = {isa = PBXFileReference; lastKnownFileType = sourcecode.c.h; path = ViewController.h; sourceTree = "<group>"; };
		E6C12D941DBE3A410080C8ED /* ViewController.m */ = {isa = PBXFileReference; lastKnownFileType = sourcecode.c.objc; path = ViewController.m; sourceTree = "<group>"; };
		E6C12D971DBE3A410080C8ED /* Base */ = {isa = PBXFileReference; lastKnownFileType = file.storyboard; name = Base; path = Base.lproj/Main.storyboard; sourceTree = "<group>"; };
		E6C12D991DBE3A410080C8ED /* Assets.xcassets */ = {isa = PBXFileReference; lastKnownFileType = folder.assetcatalog; path = Assets.xcassets; sourceTree = "<group>"; };
		E6C12D9C1DBE3A410080C8ED /* Base */ = {isa = PBXFileReference; lastKnownFileType = file.storyboard; name = Base; path = Base.lproj/LaunchScreen.storyboard; sourceTree = "<group>"; };
		E6C12D9E1DBE3A410080C8ED /* Info.plist */ = {isa = PBXFileReference; lastKnownFileType = text.plist.xml; path = Info.plist; sourceTree = "<group>"; };
		E6CCBB5B1DC049A6001883C2 /* KSAudioCroper.h */ = {isa = PBXFileReference; fileEncoding = 4; lastKnownFileType = sourcecode.c.h; path = KSAudioCroper.h; sourceTree = "<group>"; };
		E6CCBB5C1DC049A6001883C2 /* KSAudioCroper.mm */ = {isa = PBXFileReference; fileEncoding = 4; lastKnownFileType = sourcecode.cpp.objcpp; path = KSAudioCroper.mm; sourceTree = "<group>"; };
		E6CCBB5D1DC049A6001883C2 /* KSAudioMixer.h */ = {isa = PBXFileReference; fileEncoding = 4; lastKnownFileType = sourcecode.c.h; path = KSAudioMixer.h; sourceTree = "<group>"; };
		E6CCBB5E1DC049A6001883C2 /* KSAudioMixer.mm */ = {isa = PBXFileReference; fileEncoding = 4; lastKnownFileType = sourcecode.cpp.objcpp; path = KSAudioMixer.mm; sourceTree = "<group>"; };
		E6CCBB601DC049A6001883C2 /* KSAVPlayer.h */ = {isa = PBXFileReference; fileEncoding = 4; lastKnownFileType = sourcecode.c.h; path = KSAVPlayer.h; sourceTree = "<group>"; };
		E6CCBB611DC049A6001883C2 /* KSAVPlayer.m */ = {isa = PBXFileReference; fileEncoding = 4; lastKnownFileType = sourcecode.c.objc; path = KSAVPlayer.m; sourceTree = "<group>"; };
		E6CCBB631DC049A6001883C2 /* AudioHelper.h */ = {isa = PBXFileReference; fileEncoding = 4; lastKnownFileType = sourcecode.c.h; path = AudioHelper.h; sourceTree = "<group>"; };
		E6CCBB641DC049A6001883C2 /* AudioHelper.mm */ = {isa = PBXFileReference; fileEncoding = 4; lastKnownFileType = sourcecode.cpp.objcpp; path = AudioHelper.mm; sourceTree = "<group>"; };
		E6CCBB651DC049A6001883C2 /* CMRecordManager.h */ = {isa = PBXFileReference; fileEncoding = 4; lastKnownFileType = sourcecode.c.h; path = CMRecordManager.h; sourceTree = "<group>"; };
		E6CCBB661DC049A6001883C2 /* CMRecordManager.m */ = {isa = PBXFileReference; fileEncoding = 4; lastKnownFileType = sourcecode.c.objc; path = CMRecordManager.m; sourceTree = "<group>"; };
		E6CCBB711DC05A44001883C2 /* ALWAVTOACCFile.h */ = {isa = PBXFileReference; fileEncoding = 4; lastKnownFileType = sourcecode.c.h; path = ALWAVTOACCFile.h; sourceTree = "<group>"; };
		E6CCBB721DC05A44001883C2 /* ALWAVTOACCFile.mm */ = {isa = PBXFileReference; fileEncoding = 4; lastKnownFileType = sourcecode.cpp.objcpp; path = ALWAVTOACCFile.mm; sourceTree = "<group>"; };
		E6CCBB751DC0861C001883C2 /* allpass.h */ = {isa = PBXFileReference; fileEncoding = 4; lastKnownFileType = sourcecode.c.h; path = allpass.h; sourceTree = "<group>"; };
		E6CCBB761DC0861C001883C2 /* AudioEffectType.h */ = {isa = PBXFileReference; fileEncoding = 4; lastKnownFileType = sourcecode.c.h; path = AudioEffectType.h; sourceTree = "<group>"; };
		E6CCBB771DC0861C001883C2 /* comb.h */ = {isa = PBXFileReference; fileEncoding = 4; lastKnownFileType = sourcecode.c.h; path = comb.h; sourceTree = "<group>"; };
		E6CCBB781DC0861C001883C2 /* contuids.h */ = {isa = PBXFileReference; fileEncoding = 4; lastKnownFileType = sourcecode.c.h; path = contuids.h; sourceTree = "<group>"; };
		E6CCBB791DC0861C001883C2 /* denormals.h */ = {isa = PBXFileReference; fileEncoding = 4; lastKnownFileType = sourcecode.c.h; path = denormals.h; sourceTree = "<group>"; };
		E6CCBB7A1DC0861C001883C2 /* freeverb.h */ = {isa = PBXFileReference; fileEncoding = 4; lastKnownFileType = sourcecode.c.h; path = freeverb.h; sourceTree = "<group>"; };
		E6CCBB7B1DC0861C001883C2 /* freeverb.mm */ = {isa = PBXFileReference; fileEncoding = 4; lastKnownFileType = sourcecode.cpp.objcpp; path = freeverb.mm; sourceTree = "<group>"; };
		E6CCBB7C1DC0861C001883C2 /* revmodel.cpp */ = {isa = PBXFileReference; fileEncoding = 4; lastKnownFileType = sourcecode.cpp.cpp; path = revmodel.cpp; sourceTree = "<group>"; };
		E6CCBB7D1DC0861C001883C2 /* revmodel.h */ = {isa = PBXFileReference; fileEncoding = 4; lastKnownFileType = sourcecode.c.h; path = revmodel.h; sourceTree = "<group>"; };
		E6CCBB831DC090AE001883C2 /* asd.mp3 */ = {isa = PBXFileReference; lastKnownFileType = audio.mp3; path = asd.mp3; sourceTree = "<group>"; };
		E6CCBB851DC0D5EE001883C2 /* JNAudioEffectProcessor.h */ = {isa = PBXFileReference; fileEncoding = 4; lastKnownFileType = sourcecode.c.h; path = JNAudioEffectProcessor.h; sourceTree = "<group>"; };
		E6CCBB861DC0D5EE001883C2 /* JNAudioEffectProcessor.mm */ = {isa = PBXFileReference; fileEncoding = 4; lastKnownFileType = sourcecode.cpp.objcpp; path = JNAudioEffectProcessor.mm; sourceTree = "<group>"; };
/* End PBXFileReference section */

/* Begin PBXFrameworksBuildPhase section */
		E6C12D871DBE3A410080C8ED /* Frameworks */ = {
			isa = PBXFrameworksBuildPhase;
			buildActionMask = 2147483647;
			files = (
			);
			runOnlyForDeploymentPostprocessing = 0;
		};
/* End PBXFrameworksBuildPhase section */

/* Begin PBXGroup section */
		E6A29C091DBEF78F006228BF /* JNAudioKit */ = {
			isa = PBXGroup;
			children = (
				E6CCBB741DC0861C001883C2 /* AudioEffectProcess */,
				E6CCBB581DC049A6001883C2 /* AudioModify */,
				E6CCBB5F1DC049A6001883C2 /* AudioPlayer */,
				E6CCBB621DC049A6001883C2 /* RecordHelper */,
			);
			path = JNAudioKit;
			sourceTree = "<group>";
		};
		E6C12D811DBE3A410080C8ED = {
			isa = PBXGroup;
			children = (
				E6C12D8C1DBE3A410080C8ED /* JNAudioKitDemo */,
				E6C12D8B1DBE3A410080C8ED /* Products */,
			);
			sourceTree = "<group>";
		};
		E6C12D8B1DBE3A410080C8ED /* Products */ = {
			isa = PBXGroup;
			children = (
				E6C12D8A1DBE3A410080C8ED /* JNAudioKitDemo.app */,
			);
			name = Products;
			sourceTree = "<group>";
		};
		E6C12D8C1DBE3A410080C8ED /* JNAudioKitDemo */ = {
			isa = PBXGroup;
			children = (
				E6A29C091DBEF78F006228BF /* JNAudioKit */,
				E6C12D901DBE3A410080C8ED /* AppDelegate.h */,
				E6C12D911DBE3A410080C8ED /* AppDelegate.m */,
				E6C12D931DBE3A410080C8ED /* ViewController.h */,
				E6C12D941DBE3A410080C8ED /* ViewController.m */,
				E6CCBB831DC090AE001883C2 /* asd.mp3 */,
				E6C12D961DBE3A410080C8ED /* Main.storyboard */,
				E6C12D991DBE3A410080C8ED /* Assets.xcassets */,
				E6C12D9B1DBE3A410080C8ED /* LaunchScreen.storyboard */,
				E6C12D9E1DBE3A410080C8ED /* Info.plist */,
				E6C12D8D1DBE3A410080C8ED /* Supporting Files */,
			);
			path = JNAudioKitDemo;
			sourceTree = "<group>";
		};
		E6C12D8D1DBE3A410080C8ED /* Supporting Files */ = {
			isa = PBXGroup;
			children = (
				E6C12D8E1DBE3A410080C8ED /* main.m */,
			);
			name = "Supporting Files";
			sourceTree = "<group>";
		};
		E6CCBB581DC049A6001883C2 /* AudioModify */ = {
			isa = PBXGroup;
			children = (
				E6CCBB711DC05A44001883C2 /* ALWAVTOACCFile.h */,
				E6CCBB721DC05A44001883C2 /* ALWAVTOACCFile.mm */,
				E6CCBB5B1DC049A6001883C2 /* KSAudioCroper.h */,
				E6CCBB5C1DC049A6001883C2 /* KSAudioCroper.mm */,
				E6CCBB5D1DC049A6001883C2 /* KSAudioMixer.h */,
				E6CCBB5E1DC049A6001883C2 /* KSAudioMixer.mm */,
				E6CCBB851DC0D5EE001883C2 /* JNAudioEffectProcessor.h */,
				E6CCBB861DC0D5EE001883C2 /* JNAudioEffectProcessor.mm */,
			);
			path = AudioModify;
			sourceTree = "<group>";
		};
		E6CCBB5F1DC049A6001883C2 /* AudioPlayer */ = {
			isa = PBXGroup;
			children = (
				E6CCBB601DC049A6001883C2 /* KSAVPlayer.h */,
				E6CCBB611DC049A6001883C2 /* KSAVPlayer.m */,
			);
			path = AudioPlayer;
			sourceTree = "<group>";
		};
		E6CCBB621DC049A6001883C2 /* RecordHelper */ = {
			isa = PBXGroup;
			children = (
				E6CCBB631DC049A6001883C2 /* AudioHelper.h */,
				E6CCBB641DC049A6001883C2 /* AudioHelper.mm */,
				E6CCBB651DC049A6001883C2 /* CMRecordManager.h */,
				E6CCBB661DC049A6001883C2 /* CMRecordManager.m */,
			);
			path = RecordHelper;
			sourceTree = "<group>";
		};
		E6CCBB741DC0861C001883C2 /* AudioEffectProcess */ = {
			isa = PBXGroup;
			children = (
				E6CCBB761DC0861C001883C2 /* AudioEffectType.h */,
				E6CCBB751DC0861C001883C2 /* allpass.h */,
				E6CCBB771DC0861C001883C2 /* comb.h */,
				E6CCBB781DC0861C001883C2 /* contuids.h */,
				E6CCBB791DC0861C001883C2 /* denormals.h */,
				E6CCBB7A1DC0861C001883C2 /* freeverb.h */,
				E6CCBB7B1DC0861C001883C2 /* freeverb.mm */,
				E6CCBB7C1DC0861C001883C2 /* revmodel.cpp */,
				E6CCBB7D1DC0861C001883C2 /* revmodel.h */,
			);
			path = AudioEffectProcess;
			sourceTree = "<group>";
		};
/* End PBXGroup section */

/* Begin PBXNativeTarget section */
		E6C12D891DBE3A410080C8ED /* JNAudioKitDemo */ = {
			isa = PBXNativeTarget;
			buildConfigurationList = E6C12DA11DBE3A410080C8ED /* Build configuration list for PBXNativeTarget "JNAudioKitDemo" */;
			buildPhases = (
				E6C12D861DBE3A410080C8ED /* Sources */,
				E6C12D871DBE3A410080C8ED /* Frameworks */,
				E6C12D881DBE3A410080C8ED /* Resources */,
			);
			buildRules = (
			);
			dependencies = (
			);
			name = JNAudioKitDemo;
			productName = JNAudioKitDemo;
			productReference = E6C12D8A1DBE3A410080C8ED /* JNAudioKitDemo.app */;
			productType = "com.apple.product-type.application";
		};
/* End PBXNativeTarget section */

/* Begin PBXProject section */
		E6C12D821DBE3A410080C8ED /* Project object */ = {
			isa = PBXProject;
			attributes = {
				LastUpgradeCheck = 0800;
				ORGANIZATIONNAME = NetEase;
				TargetAttributes = {
					E6C12D891DBE3A410080C8ED = {
						CreatedOnToolsVersion = 8.0;
						DevelopmentTeam = RH9YZ6ZF29;
						ProvisioningStyle = Automatic;
					};
				};
			};
			buildConfigurationList = E6C12D851DBE3A410080C8ED /* Build configuration list for PBXProject "JNAudioKitDemo" */;
			compatibilityVersion = "Xcode 3.2";
			developmentRegion = English;
			hasScannedForEncodings = 0;
			knownRegions = (
				en,
				Base,
			);
			mainGroup = E6C12D811DBE3A410080C8ED;
			productRefGroup = E6C12D8B1DBE3A410080C8ED /* Products */;
			projectDirPath = "";
			projectRoot = "";
			targets = (
				E6C12D891DBE3A410080C8ED /* JNAudioKitDemo */,
			);
		};
/* End PBXProject section */

/* Begin PBXResourcesBuildPhase section */
		E6C12D881DBE3A410080C8ED /* Resources */ = {
			isa = PBXResourcesBuildPhase;
			buildActionMask = 2147483647;
			files = (
				E6C12D9D1DBE3A410080C8ED /* LaunchScreen.storyboard in Resources */,
				E6CCBB841DC090AE001883C2 /* asd.mp3 in Resources */,
				E6C12D9A1DBE3A410080C8ED /* Assets.xcassets in Resources */,
				E6C12D981DBE3A410080C8ED /* Main.storyboard in Resources */,
			);
			runOnlyForDeploymentPostprocessing = 0;
		};
/* End PBXResourcesBuildPhase section */

/* Begin PBXSourcesBuildPhase section */
		E6C12D861DBE3A410080C8ED /* Sources */ = {
			isa = PBXSourcesBuildPhase;
			buildActionMask = 2147483647;
			files = (
				E6CCBB6C1DC049A6001883C2 /* CMRecordManager.m in Sources */,
				E6CCBB6B1DC049A6001883C2 /* AudioHelper.mm in Sources */,
				E6CCBB871DC0D5EE001883C2 /* JNAudioEffectProcessor.mm in Sources */,
				E6CCBB681DC049A6001883C2 /* KSAudioCroper.mm in Sources */,
				E6CCBB6A1DC049A6001883C2 /* KSAVPlayer.m in Sources */,
				E6CCBB691DC049A6001883C2 /* KSAudioMixer.mm in Sources */,
				E6CCBB731DC05A44001883C2 /* ALWAVTOACCFile.mm in Sources */,
				E6C12D951DBE3A410080C8ED /* ViewController.m in Sources */,
				E6CCBB7F1DC0861C001883C2 /* revmodel.cpp in Sources */,
				E6C12D921DBE3A410080C8ED /* AppDelegate.m in Sources */,
				E6CCBB7E1DC0861C001883C2 /* freeverb.mm in Sources */,
				E6C12D8F1DBE3A410080C8ED /* main.m in Sources */,
			);
			runOnlyForDeploymentPostprocessing = 0;
		};
/* End PBXSourcesBuildPhase section */

/* Begin PBXVariantGroup section */
		E6C12D961DBE3A410080C8ED /* Main.storyboard */ = {
			isa = PBXVariantGroup;
			children = (
				E6C12D971DBE3A410080C8ED /* Base */,
			);
			name = Main.storyboard;
			sourceTree = "<group>";
		};
		E6C12D9B1DBE3A410080C8ED /* LaunchScreen.storyboard */ = {
			isa = PBXVariantGroup;
			children = (
				E6C12D9C1DBE3A410080C8ED /* Base */,
			);
			name = LaunchScreen.storyboard;
			sourceTree = "<group>";
		};
/* End PBXVariantGroup section */

/* Begin XCBuildConfiguration section */
		E6C12D9F1DBE3A410080C8ED /* Debug */ = {
			isa = XCBuildConfiguration;
			buildSettings = {
				ALWAYS_SEARCH_USER_PATHS = NO;
				CLANG_ANALYZER_NONNULL = YES;
				CLANG_CXX_LANGUAGE_STANDARD = "gnu++0x";
				CLANG_CXX_LIBRARY = "libc++";
				CLANG_ENABLE_MODULES = YES;
				CLANG_ENABLE_OBJC_ARC = YES;
				CLANG_WARN_BOOL_CONVERSION = YES;
				CLANG_WARN_CONSTANT_CONVERSION = YES;
				CLANG_WARN_DIRECT_OBJC_ISA_USAGE = YES_ERROR;
				CLANG_WARN_DOCUMENTATION_COMMENTS = YES;
				CLANG_WARN_EMPTY_BODY = YES;
				CLANG_WARN_ENUM_CONVERSION = YES;
				CLANG_WARN_INFINITE_RECURSION = YES;
				CLANG_WARN_INT_CONVERSION = YES;
				CLANG_WARN_OBJC_ROOT_CLASS = YES_ERROR;
				CLANG_WARN_SUSPICIOUS_MOVES = YES;
				CLANG_WARN_UNREACHABLE_CODE = YES;
				CLANG_WARN__DUPLICATE_METHOD_MATCH = YES;
				"CODE_SIGN_IDENTITY[sdk=iphoneos*]" = "iPhone Developer";
				COPY_PHASE_STRIP = NO;
				DEBUG_INFORMATION_FORMAT = dwarf;
				ENABLE_STRICT_OBJC_MSGSEND = YES;
				ENABLE_TESTABILITY = YES;
				GCC_C_LANGUAGE_STANDARD = gnu99;
				GCC_DYNAMIC_NO_PIC = NO;
				GCC_NO_COMMON_BLOCKS = YES;
				GCC_OPTIMIZATION_LEVEL = 0;
				GCC_PREPROCESSOR_DEFINITIONS = (
					"DEBUG=1",
					"$(inherited)",
				);
				GCC_WARN_64_TO_32_BIT_CONVERSION = YES;
				GCC_WARN_ABOUT_RETURN_TYPE = YES_ERROR;
				GCC_WARN_UNDECLARED_SELECTOR = YES;
				GCC_WARN_UNINITIALIZED_AUTOS = YES_AGGRESSIVE;
				GCC_WARN_UNUSED_FUNCTION = YES;
				GCC_WARN_UNUSED_VARIABLE = YES;
				IPHONEOS_DEPLOYMENT_TARGET = 10.0;
				MTL_ENABLE_DEBUG_INFO = YES;
				ONLY_ACTIVE_ARCH = YES;
				SDKROOT = iphoneos;
				TARGETED_DEVICE_FAMILY = "1,2";
			};
			name = Debug;
		};
		E6C12DA01DBE3A410080C8ED /* Release */ = {
			isa = XCBuildConfiguration;
			buildSettings = {
				ALWAYS_SEARCH_USER_PATHS = NO;
				CLANG_ANALYZER_NONNULL = YES;
				CLANG_CXX_LANGUAGE_STANDARD = "gnu++0x";
				CLANG_CXX_LIBRARY = "libc++";
				CLANG_ENABLE_MODULES = YES;
				CLANG_ENABLE_OBJC_ARC = YES;
				CLANG_WARN_BOOL_CONVERSION = YES;
				CLANG_WARN_CONSTANT_CONVERSION = YES;
				CLANG_WARN_DIRECT_OBJC_ISA_USAGE = YES_ERROR;
				CLANG_WARN_DOCUMENTATION_COMMENTS = YES;
				CLANG_WARN_EMPTY_BODY = YES;
				CLANG_WARN_ENUM_CONVERSION = YES;
				CLANG_WARN_INFINITE_RECURSION = YES;
				CLANG_WARN_INT_CONVERSION = YES;
				CLANG_WARN_OBJC_ROOT_CLASS = YES_ERROR;
				CLANG_WARN_SUSPICIOUS_MOVES = YES;
				CLANG_WARN_UNREACHABLE_CODE = YES;
				CLANG_WARN__DUPLICATE_METHOD_MATCH = YES;
				"CODE_SIGN_IDENTITY[sdk=iphoneos*]" = "iPhone Developer";
				COPY_PHASE_STRIP = NO;
				DEBUG_INFORMATION_FORMAT = "dwarf-with-dsym";
				ENABLE_NS_ASSERTIONS = NO;
				ENABLE_STRICT_OBJC_MSGSEND = YES;
				GCC_C_LANGUAGE_STANDARD = gnu99;
				GCC_NO_COMMON_BLOCKS = YES;
				GCC_WARN_64_TO_32_BIT_CONVERSION = YES;
				GCC_WARN_ABOUT_RETURN_TYPE = YES_ERROR;
				GCC_WARN_UNDECLARED_SELECTOR = YES;
				GCC_WARN_UNINITIALIZED_AUTOS = YES_AGGRESSIVE;
				GCC_WARN_UNUSED_FUNCTION = YES;
				GCC_WARN_UNUSED_VARIABLE = YES;
				IPHONEOS_DEPLOYMENT_TARGET = 10.0;
				MTL_ENABLE_DEBUG_INFO = NO;
				SDKROOT = iphoneos;
				TARGETED_DEVICE_FAMILY = "1,2";
				VALIDATE_PRODUCT = YES;
			};
			name = Release;
		};
		E6C12DA21DBE3A410080C8ED /* Debug */ = {
			isa = XCBuildConfiguration;
			buildSettings = {
				ASSETCATALOG_COMPILER_APPICON_NAME = AppIcon;
				DEVELOPMENT_TEAM = RH9YZ6ZF29;
				INFOPLIST_FILE = JNAudioKitDemo/Info.plist;
				IPHONEOS_DEPLOYMENT_TARGET = 8.0;
				LD_RUNPATH_SEARCH_PATHS = "$(inherited) @executable_path/Frameworks";
				LIBRARY_SEARCH_PATHS = (
					"$(inherited)",
					"$(PROJECT_DIR)/JNAudioKitDemo/JNAudioKit/lame",
				);
				PRODUCT_BUNDLE_IDENTIFIER = t.JNAudioKitDemo;
				PRODUCT_NAME = "$(TARGET_NAME)";
			};
			name = Debug;
		};
		E6C12DA31DBE3A410080C8ED /* Release */ = {
			isa = XCBuildConfiguration;
			buildSettings = {
				ASSETCATALOG_COMPILER_APPICON_NAME = AppIcon;
				DEVELOPMENT_TEAM = RH9YZ6ZF29;
				INFOPLIST_FILE = JNAudioKitDemo/Info.plist;
				IPHONEOS_DEPLOYMENT_TARGET = 8.0;
				LD_RUNPATH_SEARCH_PATHS = "$(inherited) @executable_path/Frameworks";
				LIBRARY_SEARCH_PATHS = (
					"$(inherited)",
					"$(PROJECT_DIR)/JNAudioKitDemo/JNAudioKit/lame",
				);
				PRODUCT_BUNDLE_IDENTIFIER = t.JNAudioKitDemo;
				PRODUCT_NAME = "$(TARGET_NAME)";
			};
			name = Release;
		};
/* End XCBuildConfiguration section */

/* Begin XCConfigurationList section */
		E6C12D851DBE3A410080C8ED /* Build configuration list for PBXProject "JNAudioKitDemo" */ = {
			isa = XCConfigurationList;
			buildConfigurations = (
				E6C12D9F1DBE3A410080C8ED /* Debug */,
				E6C12DA01DBE3A410080C8ED /* Release */,
			);
			defaultConfigurationIsVisible = 0;
			defaultConfigurationName = Release;
		};
		E6C12DA11DBE3A410080C8ED /* Build configuration list for PBXNativeTarget "JNAudioKitDemo" */ = {
			isa = XCConfigurationList;
			buildConfigurations = (
				E6C12DA21DBE3A410080C8ED /* Debug */,
				E6C12DA31DBE3A410080C8ED /* Release */,
			);
			defaultConfigurationIsVisible = 0;
			defaultConfigurationName = Release;
		};
/* End XCConfigurationList section */
	};
	rootObject = E6C12D821DBE3A410080C8ED /* Project object */;
}
